
Microsoft Visual Studio Solution File, Format Version 12.00
# Visual Studio Version 17
VisualStudioVersion = 17.10.35004.147
MinimumVisualStudioVersion = 10.0.40219.1
Project("{9A19103F-16F7-4668-BE54-9A1E7A4F7556}") = "RawFormatter", "RawFormatter\RawFormatter.csproj", "{591BE016-8F4F-442A-B9E1-B40BF01644F6}"
EndProject
Project("{FAE04EC0-301F-11D3-BF4B-00C04F79EFBC}") = "RawFormatter.Test", "RawFormatter.Test\RawFormatter.Test.csproj", "{04A6CC97-4704-45AC-8EA8-47AEE6EA5998}"
EndProject
Project("{2150E333-8FDC-42A3-9474-1A3956D46DE8}") = "솔루션 항목", "솔루션 항목", "{CB6A5133-4BBC-478F-BCC3-8955AC1075E6}"
	ProjectSection(SolutionItems) = preProject
		..\.github\workflows\dotnet.yml = ..\.github\workflows\dotnet.yml
	EndProjectSection
EndProject
Global
	GlobalSection(SolutionConfigurationPlatforms) = preSolution
		Debug|Any CPU = Debug|Any CPU
		Release|Any CPU = Release|Any CPU
	EndGlobalSection
	GlobalSection(ProjectConfigurationPlatforms) = postSolution
		{591BE016-8F4F-442A-B9E1-B40BF01644F6}.Debug|Any CPU.ActiveCfg = Debug|Any CPU
		{591BE016-8F4F-442A-B9E1-B40BF01644F6}.Debug|Any CPU.Build.0 = Debug|Any CPU
		{591BE016-8F4F-442A-B9E1-B40BF01644F6}.Release|Any CPU.ActiveCfg = Release|Any CPU
		{591BE016-8F4F-442A-B9E1-B40BF01644F6}.Release|Any CPU.Build.0 = Release|Any CPU
		{04A6CC97-4704-45AC-8EA8-47AEE6EA5998}.Debug|Any CPU.ActiveCfg = Debug|Any CPU
		{04A6CC97-4704-45AC-8EA8-47AEE6EA5998}.Debug|Any CPU.Build.0 = Debug|Any CPU
		{04A6CC97-4704-45AC-8EA8-47AEE6EA5998}.Release|Any CPU.ActiveCfg = Release|Any CPU
		{04A6CC97-4704-45AC-8EA8-47AEE6EA5998}.Release|Any CPU.Build.0 = Release|Any CPU
	EndGlobalSection
	GlobalSection(SolutionProperties) = preSolution
		HideSolutionNode = FALSE
	EndGlobalSection
	GlobalSection(ExtensibilityGlobals) = postSolution
		SolutionGuid = {3BC4B08E-B05C-404D-9C82-9707C513A706}
	EndGlobalSection
EndGlobal
